PODS:
  - AFNetworking (3.2.0):
    - AFNetworking/NSURLSession (= 3.2.0)
    - AFNetworking/Reachability (= 3.2.0)
    - AFNetworking/Security (= 3.2.0)
    - AFNetworking/Serialization (= 3.2.0)
    - AFNetworking/UIKit (= 3.2.0)
  - AFNetworking/NSURLSession (3.2.0):
    - AFNetworking/Reachability
    - AFNetworking/Security
    - AFNetworking/Serialization
  - AFNetworking/Reachability (3.2.0)
  - AFNetworking/Security (3.2.0)
  - AFNetworking/Serialization (3.2.0)
  - AFNetworking/UIKit (3.2.0):
    - AFNetworking/NSURLSession
  - ASIHTTPRequest (1.8.2):
    - ASIHTTPRequest/ASIWebPageRequest (= 1.8.2)
    - ASIHTTPRequest/CloudFiles (= 1.8.2)
    - ASIHTTPRequest/Core (= 1.8.2)
    - ASIHTTPRequest/S3 (= 1.8.2)
  - ASIHTTPRequest/ASIWebPageRequest (1.8.2):
    - ASIHTTPRequest/Core
  - ASIHTTPRequest/CloudFiles (1.8.2):
    - ASIHTTPRequest/Core
  - ASIHTTPRequest/Core (1.8.2):
    - Reachability
  - ASIHTTPRequest/S3 (1.8.2):
    - ASIHTTPRequest/Core
  - FLAnimatedImage (1.0.12)
  - IQKeyboardManager (5.0.7)
  - LUNSegmentedControl (1.0.7)
  - Masonry (1.1.0)
  - MJExtension (3.0.13)
  - MJRefresh (3.1.15.3)
  - Reachability (3.1.1)
  - SDWebImage (4.3.2):
    - SDWebImage/Core (= 4.3.2)
  - SDWebImage/Core (4.3.2)
  - SDWebImage/GIF (4.3.2):
    - FLAnimatedImage (~> 1.0)
    - SDWebImage/Core
  - SSZipArchive (2.1.1)
  - SVProgressHUD (2.2.5)
  - Toast (3.1.0)
  - UMengUShare/Core (6.4.8.2):
    - UMengUShare/Network
  - UMengUShare/Network (6.4.8.2)
  - UMengUShare/Social/QQ (6.4.8.2):
    - UMengUShare/Core
    - UMengUShare/Social/ReducedQQ
  - UMengUShare/Social/ReducedQQ (6.4.8.2):
    - UMengUShare/Core
  - UMengUShare/Social/ReducedSina (6.4.8.2):
    - UMengUShare/Core
  - UMengUShare/Social/ReducedWeChat (6.4.8.2):
    - UMengUShare/Core
  - UMengUShare/Social/Sina (6.4.8.2):
    - UMengUShare/Core
    - UMengUShare/Social/ReducedSina
  - UMengUShare/Social/WeChat (6.4.8.2):
    - UMengUShare/Core
    - UMengUShare/Social/ReducedWeChat
  - ZFDownload (1.0.2):
    - ASIHTTPRequest

DEPENDENCIES:
  - AFNetworking (~> 3.0)
  - IQKeyboardManager
  - LUNSegmentedControl
  - Masonry (~> 1.0)
  - MJExtension (~> 3.0)
  - MJRefresh (~> 3.1)
  - Reachability (~> 3.1.1)
  - SDWebImage (~> 4.0)
  - SDWebImage/GIF
  - SSZipArchive
  - SVProgressHUD
  - Toast (~> 3.1.0)
  - UMengUShare/Social/QQ
  - UMengUShare/Social/Sina
  - UMengUShare/Social/WeChat
  - ZFDownload

SPEC CHECKSUMS:
  AFNetworking: 8ac6017b94ea105479f7776e5288e48ae9c59bb4
  ASIHTTPRequest: ec013992946676b7978dcbde6396d57312d21db4
  FLAnimatedImage: 4a0b56255d9b05f18b6dd7ee06871be5d3b89e31
  IQKeyboardManager: 0bfa4607d39924116b5c0c8b55b5d789288b5cba
  LUNSegmentedControl: f868b1ea740f9917f05dbcb4cded85c33ec606e6
  Masonry: 678fab65091a9290e40e2832a55e7ab731aad201
  MJExtension: 5932755f451458eefa24239358817f8d291240c7
  MJRefresh: b48380ae2b927b46c4ef000de9adb8dc748e1df7
  Reachability: dd9aa4fb6667b9f787690a74f53cb7634ce99893
  SDWebImage: 29bd3c0bc1f01e5eb59720847c64ad4c4ca1af5d
  SSZipArchive: 14401ade5f8e82aba1ff03e9f88e9de60937ae60
  SVProgressHUD: 1428aafac632c1f86f62aa4243ec12008d7a51d6
  Toast: 14a93686d6c8bfe2727afd342414e35660a8a1f3
  UMengUShare: 370d180101e13ee0227ae657ab119ba97243d2b3
  ZFDownload: a52f94ebb080833b8a8ceb19a409f2941343fe7f

PODFILE CHECKSUM: a998319bef5cb4547bff8837d574489597751e3b

COCOAPODS: 1.4.0
